
Microsoft Visual Studio Solution File, Format Version 12.00
# Visual Studio Version 17
VisualStudioVersion = 17.8.34309.116
MinimumVisualStudioVersion = 10.0.40219.1
Project("{9A19103F-16F7-4668-BE54-9A1E7A4F7556}") = "TutoringSys_core", "TutoringSys_core\TutoringSys_core.csproj", "{4CEB83AE-75F1-4AEE-AD2E-0D3DF4A5F2A2}"
EndProject
Global
	GlobalSection(SolutionConfigurationPlatforms) = preSolution
		Debug|Any CPU = Debug|Any CPU
		Release|Any CPU = Release|Any CPU
	EndGlobalSection
	GlobalSection(ProjectConfigurationPlatforms) = postSolution
		{4CEB83AE-75F1-4AEE-AD2E-0D3DF4A5F2A2}.Debug|Any CPU.ActiveCfg = Debug|Any CPU
		{4CEB83AE-75F1-4AEE-AD2E-0D3DF4A5F2A2}.Debug|Any CPU.Build.0 = Debug|Any CPU
		{4CEB83AE-75F1-4AEE-AD2E-0D3DF4A5F2A2}.Release|Any CPU.ActiveCfg = Release|Any CPU
		{4CEB83AE-75F1-4AEE-AD2E-0D3DF4A5F2A2}.Release|Any CPU.Build.0 = Release|Any CPU
	EndGlobalSection
	GlobalSection(SolutionProperties) = preSolution
		HideSolutionNode = FALSE
	EndGlobalSection
	GlobalSection(ExtensibilityGlobals) = postSolution
		SolutionGuid = {53D662CA-C254-4711-AA51-8BF3C05FC67D}
	EndGlobalSection
EndGlobal
